// !$*UTF8*$!
{
	archiveVersion = 1;
	classes = {
	};
	objectVersion = 55;
	objects = {

/* Begin PBXBuildFile section */
		1C80B20927901CAC00AEE093 /* APIService.swift in Sources */ = {isa = PBXBuildFile; fileRef = 1C80B20827901CAC00AEE093 /* APIService.swift */; };
		1C9707D72786DE72001E89F4 /* AppDelegate.swift in Sources */ = {isa = PBXBuildFile; fileRef = 1C9707D62786DE72001E89F4 /* AppDelegate.swift */; };
		1C9707D92786DE72001E89F4 /* SceneDelegate.swift in Sources */ = {isa = PBXBuildFile; fileRef = 1C9707D82786DE72001E89F4 /* SceneDelegate.swift */; };
		1C9707DB2786DE72001E89F4 /* ViewController.swift in Sources */ = {isa = PBXBuildFile; fileRef = 1C9707DA2786DE72001E89F4 /* ViewController.swift */; };
		1C9707DE2786DE72001E89F4 /* Main.storyboard in Resources */ = {isa = PBXBuildFile; fileRef = 1C9707DC2786DE72001E89F4 /* Main.storyboard */; };
		1C9707E02786DE75001E89F4 /* Assets.xcassets in Resources */ = {isa = PBXBuildFile; fileRef = 1C9707DF2786DE75001E89F4 /* Assets.xcassets */; };
		1C9707E32786DE75001E89F4 /* LaunchScreen.storyboard in Resources */ = {isa = PBXBuildFile; fileRef = 1C9707E12786DE75001E89F4 /* LaunchScreen.storyboard */; };
		1C9707EB2786F4BC001E89F4 /* DetailViewController.swift in Sources */ = {isa = PBXBuildFile; fileRef = 1C9707EA2786F4BC001E89F4 /* DetailViewController.swift */; };
		1C9CFDDD278D332A00A92986 /* Constants.swift in Sources */ = {isa = PBXBuildFile; fileRef = 1C9CFDDC278D332A00A92986 /* Constants.swift */; };
		1C9CFDE0278D337F00A92986 /* Genre.swift in Sources */ = {isa = PBXBuildFile; fileRef = 1C9CFDDF278D337F00A92986 /* Genre.swift */; };
		1C9CFDE2278D34A200A92986 /* GenreResponse.swift in Sources */ = {isa = PBXBuildFile; fileRef = 1C9CFDE1278D34A200A92986 /* GenreResponse.swift */; };
		1C9CFDE4278D3D2800A92986 /* Movie.swift in Sources */ = {isa = PBXBuildFile; fileRef = 1C9CFDE3278D3D2800A92986 /* Movie.swift */; };
		1C9CFDE6278D3D4B00A92986 /* MovieCollectionResponse.swift in Sources */ = {isa = PBXBuildFile; fileRef = 1C9CFDE5278D3D4B00A92986 /* MovieCollectionResponse.swift */; };
		1CAE3FA8278C2D8D00CDEC69 /* TableViewCell.swift in Sources */ = {isa = PBXBuildFile; fileRef = 1CAE3FA7278C2D8D00CDEC69 /* TableViewCell.swift */; };
		1CAE3FAA278C406C00CDEC69 /* CollectionViewCell.swift in Sources */ = {isa = PBXBuildFile; fileRef = 1CAE3FA9278C406C00CDEC69 /* CollectionViewCell.swift */; };
/* End PBXBuildFile section */

/* Begin PBXFileReference section */
		1C80B20827901CAC00AEE093 /* APIService.swift */ = {isa = PBXFileReference; lastKnownFileType = sourcecode.swift; path = APIService.swift; sourceTree = "<group>"; };
		1C9707D32786DE72001E89F4 /* TMDB.app */ = {isa = PBXFileReference; explicitFileType = wrapper.application; includeInIndex = 0; path = TMDB.app; sourceTree = BUILT_PRODUCTS_DIR; };
		1C9707D62786DE72001E89F4 /* AppDelegate.swift */ = {isa = PBXFileReference; lastKnownFileType = sourcecode.swift; path = AppDelegate.swift; sourceTree = "<group>"; };
		1C9707D82786DE72001E89F4 /* SceneDelegate.swift */ = {isa = PBXFileReference; lastKnownFileType = sourcecode.swift; path = SceneDelegate.swift; sourceTree = "<group>"; };
		1C9707DA2786DE72001E89F4 /* ViewController.swift */ = {isa = PBXFileReference; lastKnownFileType = sourcecode.swift; path = ViewController.swift; sourceTree = "<group>"; };
		1C9707DD2786DE72001E89F4 /* Base */ = {isa = PBXFileReference; lastKnownFileType = file.storyboard; name = Base; path = Base.lproj/Main.storyboard; sourceTree = "<group>"; };
		1C9707DF2786DE75001E89F4 /* Assets.xcassets */ = {isa = PBXFileReference; lastKnownFileType = folder.assetcatalog; path = Assets.xcassets; sourceTree = "<group>"; };
		1C9707E22786DE75001E89F4 /* Base */ = {isa = PBXFileReference; lastKnownFileType = file.storyboard; name = Base; path = Base.lproj/LaunchScreen.storyboard; sourceTree = "<group>"; };
		1C9707E42786DE75001E89F4 /* Info.plist */ = {isa = PBXFileReference; lastKnownFileType = text.plist.xml; path = Info.plist; sourceTree = "<group>"; };
		1C9707EA2786F4BC001E89F4 /* DetailViewController.swift */ = {isa = PBXFileReference; lastKnownFileType = sourcecode.swift; path = DetailViewController.swift; sourceTree = "<group>"; };
		1C9CFDDC278D332A00A92986 /* Constants.swift */ = {isa = PBXFileReference; lastKnownFileType = sourcecode.swift; path = Constants.swift; sourceTree = "<group>"; };
		1C9CFDDF278D337F00A92986 /* Genre.swift */ = {isa = PBXFileReference; lastKnownFileType = sourcecode.swift; path = Genre.swift; sourceTree = "<group>"; };
		1C9CFDE1278D34A200A92986 /* GenreResponse.swift */ = {isa = PBXFileReference; lastKnownFileType = sourcecode.swift; path = GenreResponse.swift; sourceTree = "<group>"; };
		1C9CFDE3278D3D2800A92986 /* Movie.swift */ = {isa = PBXFileReference; lastKnownFileType = sourcecode.swift; path = Movie.swift; sourceTree = "<group>"; };
		1C9CFDE5278D3D4B00A92986 /* MovieCollectionResponse.swift */ = {isa = PBXFileReference; lastKnownFileType = sourcecode.swift; path = MovieCollectionResponse.swift; sourceTree = "<group>"; };
		1CAE3FA7278C2D8D00CDEC69 /* TableViewCell.swift */ = {isa = PBXFileReference; lastKnownFileType = sourcecode.swift; path = TableViewCell.swift; sourceTree = "<group>"; };
		1CAE3FA9278C406C00CDEC69 /* CollectionViewCell.swift */ = {isa = PBXFileReference; lastKnownFileType = sourcecode.swift; path = CollectionViewCell.swift; sourceTree = "<group>"; };
/* End PBXFileReference section */

/* Begin PBXFrameworksBuildPhase section */
		1C9707D02786DE72001E89F4 /* Frameworks */ = {
			isa = PBXFrameworksBuildPhase;
			buildActionMask = 2147483647;
			files = (
			);
			runOnlyForDeploymentPostprocessing = 0;
		};
/* End PBXFrameworksBuildPhase section */

/* Begin PBXGroup section */
		1C80B205278FFA4D00AEE093 /* Networking */ = {
			isa = PBXGroup;
			children = (
				1C80B20827901CAC00AEE093 /* APIService.swift */,
			);
			path = Networking;
			sourceTree = "<group>";
		};
		1C80B20A27901FBF00AEE093 /* ViewControllers */ = {
			isa = PBXGroup;
			children = (
				1C9707DA2786DE72001E89F4 /* ViewController.swift */,
				1C9707EA2786F4BC001E89F4 /* DetailViewController.swift */,
			);
			path = ViewControllers;
			sourceTree = "<group>";
		};
		1C80B20B27901FE900AEE093 /* CellViews */ = {
			isa = PBXGroup;
			children = (
				1CAE3FA9278C406C00CDEC69 /* CollectionViewCell.swift */,
				1CAE3FA7278C2D8D00CDEC69 /* TableViewCell.swift */,
			);
			path = CellViews;
			sourceTree = "<group>";
		};
		1C9707CA2786DE72001E89F4 = {
			isa = PBXGroup;
			children = (
				1C9707D52786DE72001E89F4 /* TMDB */,
				1C9707D42786DE72001E89F4 /* Products */,
			);
			sourceTree = "<group>";
		};
		1C9707D42786DE72001E89F4 /* Products */ = {
			isa = PBXGroup;
			children = (
				1C9707D32786DE72001E89F4 /* TMDB.app */,
			);
			name = Products;
			sourceTree = "<group>";
		};
		1C9707D52786DE72001E89F4 /* TMDB */ = {
			isa = PBXGroup;
			children = (
				1C80B20B27901FE900AEE093 /* CellViews */,
				1C80B20A27901FBF00AEE093 /* ViewControllers */,
				1C80B205278FFA4D00AEE093 /* Networking */,
				1C9CFDDE278D335700A92986 /* Models */,
				1C9707D62786DE72001E89F4 /* AppDelegate.swift */,
				1C9707D82786DE72001E89F4 /* SceneDelegate.swift */,
				1C9CFDDC278D332A00A92986 /* Constants.swift */,
				1C9707DC2786DE72001E89F4 /* Main.storyboard */,
				1C9707DF2786DE75001E89F4 /* Assets.xcassets */,
				1C9707E12786DE75001E89F4 /* LaunchScreen.storyboard */,
				1C9707E42786DE75001E89F4 /* Info.plist */,
			);
			path = TMDB;
			sourceTree = "<group>";
		};
		1C9CFDDE278D335700A92986 /* Models */ = {
			isa = PBXGroup;
			children = (
				1C9CFDDF278D337F00A92986 /* Genre.swift */,
				1C9CFDE1278D34A200A92986 /* GenreResponse.swift */,
				1C9CFDE3278D3D2800A92986 /* Movie.swift */,
				1C9CFDE5278D3D4B00A92986 /* MovieCollectionResponse.swift */,
			);
			path = Models;
			sourceTree = "<group>";
		};
/* End PBXGroup section */

/* Begin PBXNativeTarget section */
		1C9707D22786DE72001E89F4 /* TMDB */ = {
			isa = PBXNativeTarget;
			buildConfigurationList = 1C9707E72786DE75001E89F4 /* Build configuration list for PBXNativeTarget "TMDB" */;
			buildPhases = (
				1C9707CF2786DE72001E89F4 /* Sources */,
				1C9707D02786DE72001E89F4 /* Frameworks */,
				1C9707D12786DE72001E89F4 /* Resources */,
			);
			buildRules = (
			);
			dependencies = (
			);
			name = TMDB;
			productName = TMDB;
			productReference = 1C9707D32786DE72001E89F4 /* TMDB.app */;
			productType = "com.apple.product-type.application";
		};
/* End PBXNativeTarget section */

/* Begin PBXProject section */
		1C9707CB2786DE72001E89F4 /* Project object */ = {
			isa = PBXProject;
			attributes = {
				BuildIndependentTargetsInParallel = 1;
				LastSwiftUpdateCheck = 1320;
				LastUpgradeCheck = 1320;
				TargetAttributes = {
					1C9707D22786DE72001E89F4 = {
						CreatedOnToolsVersion = 13.2.1;
					};
				};
			};
			buildConfigurationList = 1C9707CE2786DE72001E89F4 /* Build configuration list for PBXProject "TMDB" */;
			compatibilityVersion = "Xcode 13.0";
			developmentRegion = en;
			hasScannedForEncodings = 0;
			knownRegions = (
				en,
				Base,
			);
			mainGroup = 1C9707CA2786DE72001E89F4;
			productRefGroup = 1C9707D42786DE72001E89F4 /* Products */;
			projectDirPath = "";
			projectRoot = "";
			targets = (
				1C9707D22786DE72001E89F4 /* TMDB */,
			);
		};
/* End PBXProject section */

/* Begin PBXResourcesBuildPhase section */
		1C9707D12786DE72001E89F4 /* Resources */ = {
			isa = PBXResourcesBuildPhase;
			buildActionMask = 2147483647;
			files = (
				1C9707E32786DE75001E89F4 /* LaunchScreen.storyboard in Resources */,
				1C9707E02786DE75001E89F4 /* Assets.xcassets in Resources */,
				1C9707DE2786DE72001E89F4 /* Main.storyboard in Resources */,
			);
			runOnlyForDeploymentPostprocessing = 0;
		};
/* End PBXResourcesBuildPhase section */

/* Begin PBXSourcesBuildPhase section */
		1C9707CF2786DE72001E89F4 /* Sources */ = {
			isa = PBXSourcesBuildPhase;
			buildActionMask = 2147483647;
			files = (
				1CAE3FA8278C2D8D00CDEC69 /* TableViewCell.swift in Sources */,
				1C9707DB2786DE72001E89F4 /* ViewController.swift in Sources */,
				1CAE3FAA278C406C00CDEC69 /* CollectionViewCell.swift in Sources */,
				1C9CFDE6278D3D4B00A92986 /* MovieCollectionResponse.swift in Sources */,
				1C9707D72786DE72001E89F4 /* AppDelegate.swift in Sources */,
				1C9CFDE4278D3D2800A92986 /* Movie.swift in Sources */,
				1C9CFDDD278D332A00A92986 /* Constants.swift in Sources */,
				1C9707D92786DE72001E89F4 /* SceneDelegate.swift in Sources */,
				1C80B20927901CAC00AEE093 /* APIService.swift in Sources */,
				1C9707EB2786F4BC001E89F4 /* DetailViewController.swift in Sources */,
				1C9CFDE0278D337F00A92986 /* Genre.swift in Sources */,
				1C9CFDE2278D34A200A92986 /* GenreResponse.swift in Sources */,
			);
			runOnlyForDeploymentPostprocessing = 0;
		};
/* End PBXSourcesBuildPhase section */

/* Begin PBXVariantGroup section */
		1C9707DC2786DE72001E89F4 /* Main.storyboard */ = {
			isa = PBXVariantGroup;
			children = (
				1C9707DD2786DE72001E89F4 /* Base */,
			);
			name = Main.storyboard;
			sourceTree = "<group>";
		};
		1C9707E12786DE75001E89F4 /* LaunchScreen.storyboard */ = {
			isa = PBXVariantGroup;
			children = (
				1C9707E22786DE75001E89F4 /* Base */,
			);
			name = LaunchScreen.storyboard;
			sourceTree = "<group>";
		};
/* End PBXVariantGroup section */

/* Begin XCBuildConfiguration section */
		1C9707E52786DE75001E89F4 /* Debug */ = {
			isa = XCBuildConfiguration;
			buildSettings = {
				ALWAYS_SEARCH_USER_PATHS = NO;
				CLANG_ANALYZER_NONNULL = YES;
				CLANG_ANALYZER_NUMBER_OBJECT_CONVERSION = YES_AGGRESSIVE;
				CLANG_CXX_LANGUAGE_STANDARD = "gnu++17";
				CLANG_CXX_LIBRARY = "libc++";
				CLANG_ENABLE_MODULES = YES;
				CLANG_ENABLE_OBJC_ARC = YES;
				CLANG_ENABLE_OBJC_WEAK = YES;
				CLANG_WARN_BLOCK_CAPTURE_AUTORELEASING = YES;
				CLANG_WARN_BOOL_CONVERSION = YES;
				CLANG_WARN_COMMA = YES;
				CLANG_WARN_CONSTANT_CONVERSION = YES;
				CLANG_WARN_DEPRECATED_OBJC_IMPLEMENTATIONS = YES;
				CLANG_WARN_DIRECT_OBJC_ISA_USAGE = YES_ERROR;
				CLANG_WARN_DOCUMENTATION_COMMENTS = YES;
				CLANG_WARN_EMPTY_BODY = YES;
				CLANG_WARN_ENUM_CONVERSION = YES;
				CLANG_WARN_INFINITE_RECURSION = YES;
				CLANG_WARN_INT_CONVERSION = YES;
				CLANG_WARN_NON_LITERAL_NULL_CONVERSION = YES;
				CLANG_WARN_OBJC_IMPLICIT_RETAIN_SELF = YES;
				CLANG_WARN_OBJC_LITERAL_CONVERSION = YES;
				CLANG_WARN_OBJC_ROOT_CLASS = YES_ERROR;
				CLANG_WARN_QUOTED_INCLUDE_IN_FRAMEWORK_HEADER = YES;
				CLANG_WARN_RANGE_LOOP_ANALYSIS = YES;
				CLANG_WARN_STRICT_PROTOTYPES = YES;
				CLANG_WARN_SUSPICIOUS_MOVE = YES;
				CLANG_WARN_UNGUARDED_AVAILABILITY = YES_AGGRESSIVE;
				CLANG_WARN_UNREACHABLE_CODE = YES;
				CLANG_WARN__DUPLICATE_METHOD_MATCH = YES;
				COPY_PHASE_STRIP = NO;
				DEBUG_INFORMATION_FORMAT = dwarf;
				ENABLE_STRICT_OBJC_MSGSEND = YES;
				ENABLE_TESTABILITY = YES;
				GCC_C_LANGUAGE_STANDARD = gnu11;
				GCC_DYNAMIC_NO_PIC = NO;
				GCC_NO_COMMON_BLOCKS = YES;
				GCC_OPTIMIZATION_LEVEL = 0;
				GCC_PREPROCESSOR_DEFINITIONS = (
					"DEBUG=1",
					"$(inherited)",
				);
				GCC_WARN_64_TO_32_BIT_CONVERSION = YES;
				GCC_WARN_ABOUT_RETURN_TYPE = YES_ERROR;
				GCC_WARN_UNDECLARED_SELECTOR = YES;
				GCC_WARN_UNINITIALIZED_AUTOS = YES_AGGRESSIVE;
				GCC_WARN_UNUSED_FUNCTION = YES;
				GCC_WARN_UNUSED_VARIABLE = YES;
				IPHONEOS_DEPLOYMENT_TARGET = 15.2;
				MTL_ENABLE_DEBUG_INFO = INCLUDE_SOURCE;
				MTL_FAST_MATH = YES;
				ONLY_ACTIVE_ARCH = YES;
				SDKROOT = iphoneos;
				SWIFT_ACTIVE_COMPILATION_CONDITIONS = DEBUG;
				SWIFT_OPTIMIZATION_LEVEL = "-Onone";
			};
			name = Debug;
		};
		1C9707E62786DE75001E89F4 /* Release */ = {
			isa = XCBuildConfiguration;
			buildSettings = {
				ALWAYS_SEARCH_USER_PATHS = NO;
				CLANG_ANALYZER_NONNULL = YES;
				CLANG_ANALYZER_NUMBER_OBJECT_CONVERSION = YES_AGGRESSIVE;
				CLANG_CXX_LANGUAGE_STANDARD = "gnu++17";
				CLANG_CXX_LIBRARY = "libc++";
				CLANG_ENABLE_MODULES = YES;
				CLANG_ENABLE_OBJC_ARC = YES;
				CLANG_ENABLE_OBJC_WEAK = YES;
				CLANG_WARN_BLOCK_CAPTURE_AUTORELEASING = YES;
				CLANG_WARN_BOOL_CONVERSION = YES;
				CLANG_WARN_COMMA = YES;
				CLANG_WARN_CONSTANT_CONVERSION = YES;
				CLANG_WARN_DEPRECATED_OBJC_IMPLEMENTATIONS = YES;
				CLANG_WARN_DIRECT_OBJC_ISA_USAGE = YES_ERROR;
				CLANG_WARN_DOCUMENTATION_COMMENTS = YES;
				CLANG_WARN_EMPTY_BODY = YES;
				CLANG_WARN_ENUM_CONVERSION = YES;
				CLANG_WARN_INFINITE_RECURSION = YES;
				CLANG_WARN_INT_CONVERSION = YES;
				CLANG_WARN_NON_LITERAL_NULL_CONVERSION = YES;
				CLANG_WARN_OBJC_IMPLICIT_RETAIN_SELF = YES;
				CLANG_WARN_OBJC_LITERAL_CONVERSION = YES;
				CLANG_WARN_OBJC_ROOT_CLASS = YES_ERROR;
				CLANG_WARN_QUOTED_INCLUDE_IN_FRAMEWORK_HEADER = YES;
				CLANG_WARN_RANGE_LOOP_ANALYSIS = YES;
				CLANG_WARN_STRICT_PROTOTYPES = YES;
				CLANG_WARN_SUSPICIOUS_MOVE = YES;
				CLANG_WARN_UNGUARDED_AVAILABILITY = YES_AGGRESSIVE;
				CLANG_WARN_UNREACHABLE_CODE = YES;
				CLANG_WARN__DUPLICATE_METHOD_MATCH = YES;
				COPY_PHASE_STRIP = NO;
				DEBUG_INFORMATION_FORMAT = "dwarf-with-dsym";
				ENABLE_NS_ASSERTIONS = NO;
				ENABLE_STRICT_OBJC_MSGSEND = YES;
				GCC_C_LANGUAGE_STANDARD = gnu11;
				GCC_NO_COMMON_BLOCKS = YES;
				GCC_WARN_64_TO_32_BIT_CONVERSION = YES;
				GCC_WARN_ABOUT_RETURN_TYPE = YES_ERROR;
				GCC_WARN_UNDECLARED_SELECTOR = YES;
				GCC_WARN_UNINITIALIZED_AUTOS = YES_AGGRESSIVE;
				GCC_WARN_UNUSED_FUNCTION = YES;
				GCC_WARN_UNUSED_VARIABLE = YES;
				IPHONEOS_DEPLOYMENT_TARGET = 15.2;
				MTL_ENABLE_DEBUG_INFO = NO;
				MTL_FAST_MATH = YES;
				SDKROOT = iphoneos;
				SWIFT_COMPILATION_MODE = wholemodule;
				SWIFT_OPTIMIZATION_LEVEL = "-O";
				VALIDATE_PRODUCT = YES;
			};
			name = Release;
		};
		1C9707E82786DE75001E89F4 /* Debug */ = {
			isa = XCBuildConfiguration;
			buildSettings = {
				ASSETCATALOG_COMPILER_APPICON_NAME = AppIcon;
				ASSETCATALOG_COMPILER_GLOBAL_ACCENT_COLOR_NAME = AccentColor;
				CODE_SIGN_STYLE = Automatic;
				CURRENT_PROJECT_VERSION = 1;
				GENERATE_INFOPLIST_FILE = YES;
				INFOPLIST_FILE = TMDB/Info.plist;
				INFOPLIST_KEY_UIApplicationSupportsIndirectInputEvents = YES;
				INFOPLIST_KEY_UILaunchStoryboardName = LaunchScreen;
				INFOPLIST_KEY_UIMainStoryboardFile = Main;
				INFOPLIST_KEY_UISupportedInterfaceOrientations_iPad = "UIInterfaceOrientationPortrait UIInterfaceOrientationPortraitUpsideDown UIInterfaceOrientationLandscapeLeft UIInterfaceOrientationLandscapeRight";
				INFOPLIST_KEY_UISupportedInterfaceOrientations_iPhone = "UIInterfaceOrientationPortrait UIInterfaceOrientationLandscapeLeft UIInterfaceOrientationLandscapeRight";
				LD_RUNPATH_SEARCH_PATHS = (
					"$(inherited)",
					"@executable_path/Frameworks",
				);
				MARKETING_VERSION = 1.0;
				PRODUCT_BUNDLE_IDENTIFIER = Test.TMDB;
				PRODUCT_NAME = "$(TARGET_NAME)";
				SWIFT_EMIT_LOC_STRINGS = YES;
				SWIFT_VERSION = 5.0;
				TARGETED_DEVICE_FAMILY = "1,2";
			};
			name = Debug;
		};
		1C9707E92786DE75001E89F4 /* Release */ = {
			isa = XCBuildConfiguration;
			buildSettings = {
				ASSETCATALOG_COMPILER_APPICON_NAME = AppIcon;
				ASSETCATALOG_COMPILER_GLOBAL_ACCENT_COLOR_NAME = AccentColor;
				CODE_SIGN_STYLE = Automatic;
				CURRENT_PROJECT_VERSION = 1;
				GENERATE_INFOPLIST_FILE = YES;
				INFOPLIST_FILE = TMDB/Info.plist;
				INFOPLIST_KEY_UIApplicationSupportsIndirectInputEvents = YES;
				INFOPLIST_KEY_UILaunchStoryboardName = LaunchScreen;
				INFOPLIST_KEY_UIMainStoryboardFile = Main;
				INFOPLIST_KEY_UISupportedInterfaceOrientations_iPad = "UIInterfaceOrientationPortrait UIInterfaceOrientationPortraitUpsideDown UIInterfaceOrientationLandscapeLeft UIInterfaceOrientationLandscapeRight";
				INFOPLIST_KEY_UISupportedInterfaceOrientations_iPhone = "UIInterfaceOrientationPortrait UIInterfaceOrientationLandscapeLeft UIInterfaceOrientationLandscapeRight";
				LD_RUNPATH_SEARCH_PATHS = (
					"$(inherited)",
					"@executable_path/Frameworks",
				);
				MARKETING_VERSION = 1.0;
				PRODUCT_BUNDLE_IDENTIFIER = Test.TMDB;
				PRODUCT_NAME = "$(TARGET_NAME)";
				SWIFT_EMIT_LOC_STRINGS = YES;
				SWIFT_VERSION = 5.0;
				TARGETED_DEVICE_FAMILY = "1,2";
			};
			name = Release;
		};
/* End XCBuildConfiguration section */

/* Begin XCConfigurationList section */
		1C9707CE2786DE72001E89F4 /* Build configuration list for PBXProject "TMDB" */ = {
			isa = XCConfigurationList;
			buildConfigurations = (
				1C9707E52786DE75001E89F4 /* Debug */,
				1C9707E62786DE75001E89F4 /* Release */,
			);
			defaultConfigurationIsVisible = 0;
			defaultConfigurationName = Release;
		};
		1C9707E72786DE75001E89F4 /* Build configuration list for PBXNativeTarget "TMDB" */ = {
			isa = XCConfigurationList;
			buildConfigurations = (
				1C9707E82786DE75001E89F4 /* Debug */,
				1C9707E92786DE75001E89F4 /* Release */,
			);
			defaultConfigurationIsVisible = 0;
			defaultConfigurationName = Release;
		};
/* End XCConfigurationList section */
	};
	rootObject = 1C9707CB2786DE72001E89F4 /* Project object */;
}
